
Microsoft Visual Studio Solution File, Format Version 12.00
# Visual Studio Version 16
VisualStudioVersion = 16.0.30011.22
MinimumVisualStudioVersion = 10.0.40219.1
Project("{FAE04EC0-301F-11D3-BF4B-00C04F79EFBC}") = "BlazorApp11", "BlazorApp11\BlazorApp11.csproj", "{FD5089DA-1469-4F2E-913B-1EA1877DAB6E}"
EndProject
Global
	GlobalSection(SolutionConfigurationPlatforms) = preSolution
		Debug|Any CPU = Debug|Any CPU
		Release|Any CPU = Release|Any CPU
	EndGlobalSection
	GlobalSection(ProjectConfigurationPlatforms) = postSolution
		{FD5089DA-1469-4F2E-913B-1EA1877DAB6E}.Debug|Any CPU.ActiveCfg = Debug|Any CPU
		{FD5089DA-1469-4F2E-913B-1EA1877DAB6E}.Debug|Any CPU.Build.0 = Debug|Any CPU
		{FD5089DA-1469-4F2E-913B-1EA1877DAB6E}.Release|Any CPU.ActiveCfg = Release|Any CPU
		{FD5089DA-1469-4F2E-913B-1EA1877DAB6E}.Release|Any CPU.Build.0 = Release|Any CPU
	EndGlobalSection
	GlobalSection(SolutionProperties) = preSolution
		HideSolutionNode = FALSE
	EndGlobalSection
	GlobalSection(ExtensibilityGlobals) = postSolution
		SolutionGuid = {69CF0529-1CED-40EF-8448-446CDA0B7A35}
	EndGlobalSection
EndGlobal
